// !$*UTF8*$!
{
	archiveVersion = 1;
	classes = {
	};
	objectVersion = 46;
	objects = {

/* Begin PBXBuildFile section */
		DD4947621D53BEBD004CCF1E /* AppDelegate.swift in Sources */ = {isa = PBXBuildFile; fileRef = DD4947611D53BEBD004CCF1E /* AppDelegate.swift */; };
		DD4947641D53BEBD004CCF1E /* ViewController.swift in Sources */ = {isa = PBXBuildFile; fileRef = DD4947631D53BEBD004CCF1E /* ViewController.swift */; };
		DD4947671D53BEBD004CCF1E /* Main.storyboard in Resources */ = {isa = PBXBuildFile; fileRef = DD4947651D53BEBD004CCF1E /* Main.storyboard */; };
		DD4947691D53BEBD004CCF1E /* Assets.xcassets in Resources */ = {isa = PBXBuildFile; fileRef = DD4947681D53BEBD004CCF1E /* Assets.xcassets */; };
		DD49476C1D53BEBD004CCF1E /* LaunchScreen.storyboard in Resources */ = {isa = PBXBuildFile; fileRef = DD49476A1D53BEBD004CCF1E /* LaunchScreen.storyboard */; };
/* End PBXBuildFile section */

/* Begin PBXFileReference section */
		DD49475E1D53BEBD004CCF1E /* Hola Mundo.app */ = {isa = PBXFileReference; explicitFileType = wrapper.application; includeInIndex = 0; path = "Hola Mundo.app"; sourceTree = BUILT_PRODUCTS_DIR; };
		DD4947611D53BEBD004CCF1E /* AppDelegate.swift */ = {isa = PBXFileReference; lastKnownFileType = sourcecode.swift; path = AppDelegate.swift; sourceTree = "<group>"; };
		DD4947631D53BEBD004CCF1E /* ViewController.swift */ = {isa = PBXFileReference; lastKnownFileType = sourcecode.swift; path = ViewController.swift; sourceTree = "<group>"; };
		DD4947661D53BEBD004CCF1E /* Base */ = {isa = PBXFileReference; lastKnownFileType = file.storyboard; name = Base; path = Base.lproj/Main.storyboard; sourceTree = "<group>"; };
		DD4947681D53BEBD004CCF1E /* Assets.xcassets */ = {isa = PBXFileReference; lastKnownFileType = folder.assetcatalog; path = Assets.xcassets; sourceTree = "<group>"; };
		DD49476B1D53BEBD004CCF1E /* Base */ = {isa = PBXFileReference; lastKnownFileType = file.storyboard; name = Base; path = Base.lproj/LaunchScreen.storyboard; sourceTree = "<group>"; };
		DD49476D1D53BEBD004CCF1E /* Info.plist */ = {isa = PBXFileReference; lastKnownFileType = text.plist.xml; path = Info.plist; sourceTree = "<group>"; };
/* End PBXFileReference section */

/* Begin PBXFrameworksBuildPhase section */
		DD49475B1D53BEBC004CCF1E /* Frameworks */ = {
			isa = PBXFrameworksBuildPhase;
			buildActionMask = 2147483647;
			files = (
			);
			runOnlyForDeploymentPostprocessing = 0;
		};
/* End PBXFrameworksBuildPhase section */

/* Begin PBXGroup section */
		DD4947551D53BEBC004CCF1E = {
			isa = PBXGroup;
			children = (
				DD4947601D53BEBD004CCF1E /* Hola Mundo */,
				DD49475F1D53BEBD004CCF1E /* Products */,
			);
			sourceTree = "<group>";
		};
		DD49475F1D53BEBD004CCF1E /* Products */ = {
			isa = PBXGroup;
			children = (
				DD49475E1D53BEBD004CCF1E /* Hola Mundo.app */,
			);
			name = Products;
			sourceTree = "<group>";
		};
		DD4947601D53BEBD004CCF1E /* Hola Mundo */ = {
			isa = PBXGroup;
			children = (
				DD4947611D53BEBD004CCF1E /* AppDelegate.swift */,
				DD4947631D53BEBD004CCF1E /* ViewController.swift */,
				DD4947651D53BEBD004CCF1E /* Main.storyboard */,
				DD4947681D53BEBD004CCF1E /* Assets.xcassets */,
				DD49476A1D53BEBD004CCF1E /* LaunchScreen.storyboard */,
				DD49476D1D53BEBD004CCF1E /* Info.plist */,
			);
			path = "Hola Mundo";
			sourceTree = "<group>";
		};
/* End PBXGroup section */

/* Begin PBXNativeTarget section */
		DD49475D1D53BEBC004CCF1E /* Hola Mundo */ = {
			isa = PBXNativeTarget;
			buildConfigurationList = DD4947701D53BEBD004CCF1E /* Build configuration list for PBXNativeTarget "Hola Mundo" */;
			buildPhases = (
				DD49475A1D53BEBC004CCF1E /* Sources */,
				DD49475B1D53BEBC004CCF1E /* Frameworks */,
				DD49475C1D53BEBC004CCF1E /* Resources */,
			);
			buildRules = (
			);
			dependencies = (
			);
			name = "Hola Mundo";
			productName = "Hola Mundo";
			productReference = DD49475E1D53BEBD004CCF1E /* Hola Mundo.app */;
			productType = "com.apple.product-type.application";
		};
/* End PBXNativeTarget section */

/* Begin PBXProject section */
		DD4947561D53BEBC004CCF1E /* Project object */ = {
			isa = PBXProject;
			attributes = {
				LastSwiftUpdateCheck = 0730;
				LastUpgradeCheck = 0730;
				ORGANIZATIONNAME = NextU;
				TargetAttributes = {
					DD49475D1D53BEBC004CCF1E = {
						CreatedOnToolsVersion = 7.3.1;
					};
				};
			};
			buildConfigurationList = DD4947591D53BEBC004CCF1E /* Build configuration list for PBXProject "Hola Mundo" */;
			compatibilityVersion = "Xcode 3.2";
			developmentRegion = English;
			hasScannedForEncodings = 0;
			knownRegions = (
				en,
				Base,
			);
			mainGroup = DD4947551D53BEBC004CCF1E;
			productRefGroup = DD49475F1D53BEBD004CCF1E /* Products */;
			projectDirPath = "";
			projectRoot = "";
			targets = (
				DD49475D1D53BEBC004CCF1E /* Hola Mundo */,
			);
		};
/* End PBXProject section */

/* Begin PBXResourcesBuildPhase section */
		DD49475C1D53BEBC004CCF1E /* Resources */ = {
			isa = PBXResourcesBuildPhase;
			buildActionMask = 2147483647;
			files = (
				DD49476C1D53BEBD004CCF1E /* LaunchScreen.storyboard in Resources */,
				DD4947691D53BEBD004CCF1E /* Assets.xcassets in Resources */,
				DD4947671D53BEBD004CCF1E /* Main.storyboard in Resources */,
			);
			runOnlyForDeploymentPostprocessing = 0;
		};
/* End PBXResourcesBuildPhase section */

/* Begin PBXSourcesBuildPhase section */
		DD49475A1D53BEBC004CCF1E /* Sources */ = {
			isa = PBXSourcesBuildPhase;
			buildActionMask = 2147483647;
			files = (
				DD4947641D53BEBD004CCF1E /* ViewController.swift in Sources */,
				DD4947621D53BEBD004CCF1E /* AppDelegate.swift in Sources */,
			);
			runOnlyForDeploymentPostprocessing = 0;
		};
/* End PBXSourcesBuildPhase section */

/* Begin PBXVariantGroup section */
		DD4947651D53BEBD004CCF1E /* Main.storyboard */ = {
			isa = PBXVariantGroup;
			children = (
				DD4947661D53BEBD004CCF1E /* Base */,
			);
			name = Main.storyboard;
			sourceTree = "<group>";
		};
		DD49476A1D53BEBD004CCF1E /* LaunchScreen.storyboard */ = {
			isa = PBXVariantGroup;
			children = (
				DD49476B1D53BEBD004CCF1E /* Base */,
			);
			name = LaunchScreen.storyboard;
			sourceTree = "<group>";
		};
/* End PBXVariantGroup section */

/* Begin XCBuildConfiguration section */
		DD49476E1D53BEBD004CCF1E /* Debug */ = {
			isa = XCBuildConfiguration;
			buildSettings = {
				ALWAYS_SEARCH_USER_PATHS = NO;
				CLANG_ANALYZER_NONNULL = YES;
				CLANG_CXX_LANGUAGE_STANDARD = "gnu++0x";
				CLANG_CXX_LIBRARY = "libc++";
				CLANG_ENABLE_MODULES = YES;
				CLANG_ENABLE_OBJC_ARC = YES;
				CLANG_WARN_BOOL_CONVERSION = YES;
				CLANG_WARN_CONSTANT_CONVERSION = YES;
				CLANG_WARN_DIRECT_OBJC_ISA_USAGE = YES_ERROR;
				CLANG_WARN_EMPTY_BODY = YES;
				CLANG_WARN_ENUM_CONVERSION = YES;
				CLANG_WARN_INT_CONVERSION = YES;
				CLANG_WARN_OBJC_ROOT_CLASS = YES_ERROR;
				CLANG_WARN_UNREACHABLE_CODE = YES;
				CLANG_WARN__DUPLICATE_METHOD_MATCH = YES;
				"CODE_SIGN_IDENTITY[sdk=iphoneos*]" = "iPhone Developer";
				COPY_PHASE_STRIP = NO;
				DEBUG_INFORMATION_FORMAT = dwarf;
				ENABLE_STRICT_OBJC_MSGSEND = YES;
				ENABLE_TESTABILITY = YES;
				GCC_C_LANGUAGE_STANDARD = gnu99;
				GCC_DYNAMIC_NO_PIC = NO;
				GCC_NO_COMMON_BLOCKS = YES;
				GCC_OPTIMIZATION_LEVEL = 0;
				GCC_PREPROCESSOR_DEFINITIONS = (
					"DEBUG=1",
					"$(inherited)",
				);
				GCC_WARN_64_TO_32_BIT_CONVERSION = YES;
				GCC_WARN_ABOUT_RETURN_TYPE = YES_ERROR;
				GCC_WARN_UNDECLARED_SELECTOR = YES;
				GCC_WARN_UNINITIALIZED_AUTOS = YES_AGGRESSIVE;
				GCC_WARN_UNUSED_FUNCTION = YES;
				GCC_WARN_UNUSED_VARIABLE = YES;
				IPHONEOS_DEPLOYMENT_TARGET = 9.3;
				MTL_ENABLE_DEBUG_INFO = YES;
				ONLY_ACTIVE_ARCH = YES;
				SDKROOT = iphoneos;
				SWIFT_OPTIMIZATION_LEVEL = "-Onone";
			};
			name = Debug;
		};
		DD49476F1D53BEBD004CCF1E /* Release */ = {
			isa = XCBuildConfiguration;
			buildSettings = {
				ALWAYS_SEARCH_USER_PATHS = NO;
				CLANG_ANALYZER_NONNULL = YES;
				CLANG_CXX_LANGUAGE_STANDARD = "gnu++0x";
				CLANG_CXX_LIBRARY = "libc++";
				CLANG_ENABLE_MODULES = YES;
				CLANG_ENABLE_OBJC_ARC = YES;
				CLANG_WARN_BOOL_CONVERSION = YES;
				CLANG_WARN_CONSTANT_CONVERSION = YES;
				CLANG_WARN_DIRECT_OBJC_ISA_USAGE = YES_ERROR;
				CLANG_WARN_EMPTY_BODY = YES;
				CLANG_WARN_ENUM_CONVERSION = YES;
				CLANG_WARN_INT_CONVERSION = YES;
				CLANG_WARN_OBJC_ROOT_CLASS = YES_ERROR;
				CLANG_WARN_UNREACHABLE_CODE = YES;
				CLANG_WARN__DUPLICATE_METHOD_MATCH = YES;
				"CODE_SIGN_IDENTITY[sdk=iphoneos*]" = "iPhone Developer";
				COPY_PHASE_STRIP = NO;
				DEBUG_INFORMATION_FORMAT = "dwarf-with-dsym";
				ENABLE_NS_ASSERTIONS = NO;
				ENABLE_STRICT_OBJC_MSGSEND = YES;
				GCC_C_LANGUAGE_STANDARD = gnu99;
				GCC_NO_COMMON_BLOCKS = YES;
				GCC_WARN_64_TO_32_BIT_CONVERSION = YES;
				GCC_WARN_ABOUT_RETURN_TYPE = YES_ERROR;
				GCC_WARN_UNDECLARED_SELECTOR = YES;
				GCC_WARN_UNINITIALIZED_AUTOS = YES_AGGRESSIVE;
				GCC_WARN_UNUSED_FUNCTION = YES;
				GCC_WARN_UNUSED_VARIABLE = YES;
				IPHONEOS_DEPLOYMENT_TARGET = 9.3;
				MTL_ENABLE_DEBUG_INFO = NO;
				SDKROOT = iphoneos;
				VALIDATE_PRODUCT = YES;
			};
			name = Release;
		};
		DD4947711D53BEBD004CCF1E /* Debug */ = {
			isa = XCBuildConfiguration;
			buildSettings = {
				ASSETCATALOG_COMPILER_APPICON_NAME = AppIcon;
				INFOPLIST_FILE = "Hola Mundo/Info.plist";
				LD_RUNPATH_SEARCH_PATHS = "$(inherited) @executable_path/Frameworks";
				PRODUCT_BUNDLE_IDENTIFIER = "com.nextu.iosdeveloper.Hola-Mundo";
				PRODUCT_NAME = "$(TARGET_NAME)";
			};
			name = Debug;
		};
		DD4947721D53BEBD004CCF1E /* Release */ = {
			isa = XCBuildConfiguration;
			buildSettings = {
				ASSETCATALOG_COMPILER_APPICON_NAME = AppIcon;
				INFOPLIST_FILE = "Hola Mundo/Info.plist";
				LD_RUNPATH_SEARCH_PATHS = "$(inherited) @executable_path/Frameworks";
				PRODUCT_BUNDLE_IDENTIFIER = "com.nextu.iosdeveloper.Hola-Mundo";
				PRODUCT_NAME = "$(TARGET_NAME)";
			};
			name = Release;
		};
/* End XCBuildConfiguration section */

/* Begin XCConfigurationList section */
		DD4947591D53BEBC004CCF1E /* Build configuration list for PBXProject "Hola Mundo" */ = {
			isa = XCConfigurationList;
			buildConfigurations = (
				DD49476E1D53BEBD004CCF1E /* Debug */,
				DD49476F1D53BEBD004CCF1E /* Release */,
			);
			defaultConfigurationIsVisible = 0;
			defaultConfigurationName = Release;
		};
		DD4947701D53BEBD004CCF1E /* Build configuration list for PBXNativeTarget "Hola Mundo" */ = {
			isa = XCConfigurationList;
			buildConfigurations = (
				DD4947711D53BEBD004CCF1E /* Debug */,
				DD4947721D53BEBD004CCF1E /* Release */,
			);
			defaultConfigurationIsVisible = 0;
		};
/* End XCConfigurationList section */
	};
	rootObject = DD4947561D53BEBC004CCF1E /* Project object */;
}
